
Microsoft Visual Studio Solution File, Format Version 12.00
# Visual Studio Version 17
VisualStudioVersion = 17.0.32014.148
MinimumVisualStudioVersion = 10.0.40219.1
Project("{2150E333-8FDC-42A3-9474-1A3956D46DE8}") = "src", "src", "{361C3E41-652C-480A-B249-58CEEB13DD07}"
	ProjectSection(SolutionItems) = preProject
		src\Directory.Build.props = src\Directory.Build.props
	EndProjectSection
EndProject
Project("{2150E333-8FDC-42A3-9474-1A3956D46DE8}") = "tests", "tests", "{96A1AC98-4533-45A3-A7B2-0A5CFF3C16CE}"
	ProjectSection(SolutionItems) = preProject
		tests\Directory.Build.props = tests\Directory.Build.props
	EndProjectSection
EndProject
Project("{2150E333-8FDC-42A3-9474-1A3956D46DE8}") = "global", "global", "{A8F5FC10-E567-49AB-90DD-77BCAAC16987}"
	ProjectSection(SolutionItems) = preProject
		.codacy.yml = .codacy.yml
		.editorconfig = .editorconfig
		.gitattributes = .gitattributes
		.gitignore = .gitignore
		build.ps1 = build.ps1
		CodeCoverage.runsettings = CodeCoverage.runsettings
		LICENSE = LICENSE
		README.md = README.md
	EndProjectSection
EndProject
Project("{9A19103F-16F7-4668-BE54-9A1E7A4F7556}") = "Finbuckle.MultiTenant.MongoFramework", "src\Finbuckle.MultiTenant.MongoFramework\Finbuckle.MultiTenant.MongoFramework.csproj", "{61D2D02B-45FF-46D4-9D12-90B726FA31B0}"
EndProject
Project("{9A19103F-16F7-4668-BE54-9A1E7A4F7556}") = "Finbuckle.MultiTenant.MongoFramework.Tests", "tests\Finbuckle.MultiTenant.MongoFramework.Tests\Finbuckle.MultiTenant.MongoFramework.Tests.csproj", "{632923FC-5E87-4C2C-B817-B48D5E82EADB}"
EndProject
Project("{2150E333-8FDC-42A3-9474-1A3956D46DE8}") = "samples", "samples", "{95E58738-E5A6-447D-B5CA-EE2ED34F49D6}"
EndProject
Project("{2150E333-8FDC-42A3-9474-1A3956D46DE8}") = ".NET 5.0", ".NET 5.0", "{87CE6454-DFE1-4E5E-BA7D-6E981A0256DF}"
	ProjectSection(SolutionItems) = preProject
		samples\ASP.NET Core 3\Directory.Build.props = samples\ASP.NET Core 3\Directory.Build.props
	EndProjectSection
EndProject
Project("{9A19103F-16F7-4668-BE54-9A1E7A4F7556}") = "DataIsolationSample", "samples\ASP.NET Core 3\DataIsolationSample\DataIsolationSample.csproj", "{0CDECB5B-C887-4665-B95C-E0108A3D1F0D}"
EndProject
Project("{9A19103F-16F7-4668-BE54-9A1E7A4F7556}") = "MongoTenantStoreSample", "samples\ASP.NET Core 3\MongoTenantStoreSample\MongoTenantStoreSample.csproj", "{4590C75F-B251-4A18-8E85-6DC092171222}"
EndProject
Project("{9A19103F-16F7-4668-BE54-9A1E7A4F7556}") = "CombinedSample", "samples\ASP.NET Core 3\CombinedSample\CombinedSample.csproj", "{9312D426-4333-42A1-9404-6FD191A2B36B}"
EndProject
Project("{9A19103F-16F7-4668-BE54-9A1E7A4F7556}") = "AuthenticationSample", "samples\ASP.NET Core 3\AuthenticationSample\AuthenticationSample.csproj", "{4BAF8BC1-A1C7-44CC-A5C8-F9943A87901D}"
EndProject
Project("{2150E333-8FDC-42A3-9474-1A3956D46DE8}") = ".NET 6.0", ".NET 6.0", "{C8CE2502-D5FC-4F6B-91A1-DC3679D64F09}"
	ProjectSection(SolutionItems) = preProject
		samples\NET6\Directory.Build.props = samples\NET6\Directory.Build.props
	EndProjectSection
EndProject
Project("{9A19103F-16F7-4668-BE54-9A1E7A4F7556}") = "AuthenticationSample", "samples\NET6\AuthenticationSample\AuthenticationSample.csproj", "{20FB838D-307A-4C91-8309-6DE956C7C5E6}"
EndProject
Project("{9A19103F-16F7-4668-BE54-9A1E7A4F7556}") = "CombinedSample", "samples\NET6\CombinedSample\CombinedSample.csproj", "{C74E5E97-9DFB-4C1D-9625-2E5D8D3DF714}"
EndProject
Project("{9A19103F-16F7-4668-BE54-9A1E7A4F7556}") = "DataIsolationSample", "samples\NET6\DataIsolationSample\DataIsolationSample.csproj", "{5BD440C3-8929-4058-84A3-E8D6FE64C460}"
EndProject
Project("{9A19103F-16F7-4668-BE54-9A1E7A4F7556}") = "MongoTenantStoreSample", "samples\NET6\MongoTenantStoreSample\MongoTenantStoreSample.csproj", "{4E3D2992-1195-4AFF-B258-A3FBE85EE320}"
EndProject
Global
	GlobalSection(SolutionConfigurationPlatforms) = preSolution
		Debug|Any CPU = Debug|Any CPU
		Release|Any CPU = Release|Any CPU
	EndGlobalSection
	GlobalSection(ProjectConfigurationPlatforms) = postSolution
		{61D2D02B-45FF-46D4-9D12-90B726FA31B0}.Debug|Any CPU.ActiveCfg = Debug|Any CPU
		{61D2D02B-45FF-46D4-9D12-90B726FA31B0}.Debug|Any CPU.Build.0 = Debug|Any CPU
		{61D2D02B-45FF-46D4-9D12-90B726FA31B0}.Release|Any CPU.ActiveCfg = Release|Any CPU
		{61D2D02B-45FF-46D4-9D12-90B726FA31B0}.Release|Any CPU.Build.0 = Release|Any CPU
		{632923FC-5E87-4C2C-B817-B48D5E82EADB}.Debug|Any CPU.ActiveCfg = Debug|Any CPU
		{632923FC-5E87-4C2C-B817-B48D5E82EADB}.Debug|Any CPU.Build.0 = Debug|Any CPU
		{632923FC-5E87-4C2C-B817-B48D5E82EADB}.Release|Any CPU.ActiveCfg = Release|Any CPU
		{632923FC-5E87-4C2C-B817-B48D5E82EADB}.Release|Any CPU.Build.0 = Release|Any CPU
		{0CDECB5B-C887-4665-B95C-E0108A3D1F0D}.Debug|Any CPU.ActiveCfg = Debug|Any CPU
		{0CDECB5B-C887-4665-B95C-E0108A3D1F0D}.Debug|Any CPU.Build.0 = Debug|Any CPU
		{0CDECB5B-C887-4665-B95C-E0108A3D1F0D}.Release|Any CPU.ActiveCfg = Release|Any CPU
		{0CDECB5B-C887-4665-B95C-E0108A3D1F0D}.Release|Any CPU.Build.0 = Release|Any CPU
		{4590C75F-B251-4A18-8E85-6DC092171222}.Debug|Any CPU.ActiveCfg = Debug|Any CPU
		{4590C75F-B251-4A18-8E85-6DC092171222}.Debug|Any CPU.Build.0 = Debug|Any CPU
		{4590C75F-B251-4A18-8E85-6DC092171222}.Release|Any CPU.ActiveCfg = Release|Any CPU
		{4590C75F-B251-4A18-8E85-6DC092171222}.Release|Any CPU.Build.0 = Release|Any CPU
		{9312D426-4333-42A1-9404-6FD191A2B36B}.Debug|Any CPU.ActiveCfg = Debug|Any CPU
		{9312D426-4333-42A1-9404-6FD191A2B36B}.Debug|Any CPU.Build.0 = Debug|Any CPU
		{9312D426-4333-42A1-9404-6FD191A2B36B}.Release|Any CPU.ActiveCfg = Release|Any CPU
		{9312D426-4333-42A1-9404-6FD191A2B36B}.Release|Any CPU.Build.0 = Release|Any CPU
		{4BAF8BC1-A1C7-44CC-A5C8-F9943A87901D}.Debug|Any CPU.ActiveCfg = Debug|Any CPU
		{4BAF8BC1-A1C7-44CC-A5C8-F9943A87901D}.Debug|Any CPU.Build.0 = Debug|Any CPU
		{4BAF8BC1-A1C7-44CC-A5C8-F9943A87901D}.Release|Any CPU.ActiveCfg = Release|Any CPU
		{4BAF8BC1-A1C7-44CC-A5C8-F9943A87901D}.Release|Any CPU.Build.0 = Release|Any CPU
		{20FB838D-307A-4C91-8309-6DE956C7C5E6}.Debug|Any CPU.ActiveCfg = Debug|Any CPU
		{20FB838D-307A-4C91-8309-6DE956C7C5E6}.Debug|Any CPU.Build.0 = Debug|Any CPU
		{20FB838D-307A-4C91-8309-6DE956C7C5E6}.Release|Any CPU.ActiveCfg = Release|Any CPU
		{20FB838D-307A-4C91-8309-6DE956C7C5E6}.Release|Any CPU.Build.0 = Release|Any CPU
		{C74E5E97-9DFB-4C1D-9625-2E5D8D3DF714}.Debug|Any CPU.ActiveCfg = Debug|Any CPU
		{C74E5E97-9DFB-4C1D-9625-2E5D8D3DF714}.Debug|Any CPU.Build.0 = Debug|Any CPU
		{C74E5E97-9DFB-4C1D-9625-2E5D8D3DF714}.Release|Any CPU.ActiveCfg = Release|Any CPU
		{C74E5E97-9DFB-4C1D-9625-2E5D8D3DF714}.Release|Any CPU.Build.0 = Release|Any CPU
		{5BD440C3-8929-4058-84A3-E8D6FE64C460}.Debug|Any CPU.ActiveCfg = Debug|Any CPU
		{5BD440C3-8929-4058-84A3-E8D6FE64C460}.Debug|Any CPU.Build.0 = Debug|Any CPU
		{5BD440C3-8929-4058-84A3-E8D6FE64C460}.Release|Any CPU.ActiveCfg = Release|Any CPU
		{5BD440C3-8929-4058-84A3-E8D6FE64C460}.Release|Any CPU.Build.0 = Release|Any CPU
		{4E3D2992-1195-4AFF-B258-A3FBE85EE320}.Debug|Any CPU.ActiveCfg = Debug|Any CPU
		{4E3D2992-1195-4AFF-B258-A3FBE85EE320}.Debug|Any CPU.Build.0 = Debug|Any CPU
		{4E3D2992-1195-4AFF-B258-A3FBE85EE320}.Release|Any CPU.ActiveCfg = Release|Any CPU
		{4E3D2992-1195-4AFF-B258-A3FBE85EE320}.Release|Any CPU.Build.0 = Release|Any CPU
	EndGlobalSection
	GlobalSection(SolutionProperties) = preSolution
		HideSolutionNode = FALSE
	EndGlobalSection
	GlobalSection(NestedProjects) = preSolution
		{61D2D02B-45FF-46D4-9D12-90B726FA31B0} = {361C3E41-652C-480A-B249-58CEEB13DD07}
		{632923FC-5E87-4C2C-B817-B48D5E82EADB} = {96A1AC98-4533-45A3-A7B2-0A5CFF3C16CE}
		{87CE6454-DFE1-4E5E-BA7D-6E981A0256DF} = {95E58738-E5A6-447D-B5CA-EE2ED34F49D6}
		{0CDECB5B-C887-4665-B95C-E0108A3D1F0D} = {87CE6454-DFE1-4E5E-BA7D-6E981A0256DF}
		{4590C75F-B251-4A18-8E85-6DC092171222} = {87CE6454-DFE1-4E5E-BA7D-6E981A0256DF}
		{9312D426-4333-42A1-9404-6FD191A2B36B} = {87CE6454-DFE1-4E5E-BA7D-6E981A0256DF}
		{4BAF8BC1-A1C7-44CC-A5C8-F9943A87901D} = {87CE6454-DFE1-4E5E-BA7D-6E981A0256DF}
		{C8CE2502-D5FC-4F6B-91A1-DC3679D64F09} = {95E58738-E5A6-447D-B5CA-EE2ED34F49D6}
		{20FB838D-307A-4C91-8309-6DE956C7C5E6} = {C8CE2502-D5FC-4F6B-91A1-DC3679D64F09}
		{C74E5E97-9DFB-4C1D-9625-2E5D8D3DF714} = {C8CE2502-D5FC-4F6B-91A1-DC3679D64F09}
		{5BD440C3-8929-4058-84A3-E8D6FE64C460} = {C8CE2502-D5FC-4F6B-91A1-DC3679D64F09}
		{4E3D2992-1195-4AFF-B258-A3FBE85EE320} = {C8CE2502-D5FC-4F6B-91A1-DC3679D64F09}
	EndGlobalSection
	GlobalSection(ExtensibilityGlobals) = postSolution
		SolutionGuid = {29545771-6EAC-4B41-9942-E68F79302B8D}
	EndGlobalSection
EndGlobal
